
Microsoft Visual Studio Solution File, Format Version 12.00
# Visual Studio Version 16
VisualStudioVersion = 16.0.29926.136
MinimumVisualStudioVersion = 10.0.40219.1
Project("{FAE04EC0-301F-11D3-BF4B-00C04F79EFBC}") = "AutoMapperV1", "AutoMapperV1\AutoMapperV1.csproj", "{017D6B1E-639D-4708-8E57-DFDBBC7CBD0F}"
EndProject
Project("{FAE04EC0-301F-11D3-BF4B-00C04F79EFBC}") = "EntityLayer", "EntityLayer\EntityLayer.csproj", "{6C6DA668-8507-4724-9BF1-6F40630BC481}"
EndProject
Project("{FAE04EC0-301F-11D3-BF4B-00C04F79EFBC}") = "FoMapper", "FoMapper\FoMapper.csproj", "{6B453D04-1B69-4283-9782-5B40DEBFDC76}"
EndProject
Global
	GlobalSection(SolutionConfigurationPlatforms) = preSolution
		Debug|Any CPU = Debug|Any CPU
		Release|Any CPU = Release|Any CPU
	EndGlobalSection
	GlobalSection(ProjectConfigurationPlatforms) = postSolution
		{017D6B1E-639D-4708-8E57-DFDBBC7CBD0F}.Debug|Any CPU.ActiveCfg = Debug|Any CPU
		{017D6B1E-639D-4708-8E57-DFDBBC7CBD0F}.Debug|Any CPU.Build.0 = Debug|Any CPU
		{017D6B1E-639D-4708-8E57-DFDBBC7CBD0F}.Release|Any CPU.ActiveCfg = Release|Any CPU
		{017D6B1E-639D-4708-8E57-DFDBBC7CBD0F}.Release|Any CPU.Build.0 = Release|Any CPU
		{6C6DA668-8507-4724-9BF1-6F40630BC481}.Debug|Any CPU.ActiveCfg = Debug|Any CPU
		{6C6DA668-8507-4724-9BF1-6F40630BC481}.Debug|Any CPU.Build.0 = Debug|Any CPU
		{6C6DA668-8507-4724-9BF1-6F40630BC481}.Release|Any CPU.ActiveCfg = Release|Any CPU
		{6C6DA668-8507-4724-9BF1-6F40630BC481}.Release|Any CPU.Build.0 = Release|Any CPU
		{6B453D04-1B69-4283-9782-5B40DEBFDC76}.Debug|Any CPU.ActiveCfg = Debug|Any CPU
		{6B453D04-1B69-4283-9782-5B40DEBFDC76}.Debug|Any CPU.Build.0 = Debug|Any CPU
		{6B453D04-1B69-4283-9782-5B40DEBFDC76}.Release|Any CPU.ActiveCfg = Release|Any CPU
		{6B453D04-1B69-4283-9782-5B40DEBFDC76}.Release|Any CPU.Build.0 = Release|Any CPU
	EndGlobalSection
	GlobalSection(SolutionProperties) = preSolution
		HideSolutionNode = FALSE
	EndGlobalSection
	GlobalSection(ExtensibilityGlobals) = postSolution
		SolutionGuid = {4C4AE1B5-529B-4B26-A755-1E224F7875CD}
	EndGlobalSection
EndGlobal
